// !$*UTF8*$!
{
	archiveVersion = 1;
	classes = {
	};
	objectVersion = 48;
	objects = {

/* Begin PBXBuildFile section */
		D6691B681FF768F3008FD06A /* AppDelegate.m in Sources */ = {isa = PBXBuildFile; fileRef = D6691B671FF768F3008FD06A /* AppDelegate.m */; };
		D6691B6B1FF768F3008FD06A /* ViewController.m in Sources */ = {isa = PBXBuildFile; fileRef = D6691B6A1FF768F3008FD06A /* ViewController.m */; };
		D6691B6E1FF768F3008FD06A /* Main.storyboard in Resources */ = {isa = PBXBuildFile; fileRef = D6691B6C1FF768F3008FD06A /* Main.storyboard */; };
		D6691B701FF768F3008FD06A /* Assets.xcassets in Resources */ = {isa = PBXBuildFile; fileRef = D6691B6F1FF768F3008FD06A /* Assets.xcassets */; };
		D6691B731FF768F3008FD06A /* LaunchScreen.storyboard in Resources */ = {isa = PBXBuildFile; fileRef = D6691B711FF768F3008FD06A /* LaunchScreen.storyboard */; };
		D6691B761FF768F3008FD06A /* main.m in Sources */ = {isa = PBXBuildFile; fileRef = D6691B751FF768F3008FD06A /* main.m */; };
		D6691B801FF768F3008FD06A /* GHDropMenuTests.m in Sources */ = {isa = PBXBuildFile; fileRef = D6691B7F1FF768F3008FD06A /* GHDropMenuTests.m */; };
		D6691B8B1FF768F3008FD06A /* GHDropMenuUITests.m in Sources */ = {isa = PBXBuildFile; fileRef = D6691B8A1FF768F3008FD06A /* GHDropMenuUITests.m */; };
		D6691BA11FF76B4E008FD06A /* FXMDropMenuMData.m in Sources */ = {isa = PBXBuildFile; fileRef = D6691BA01FF76B4E008FD06A /* FXMDropMenuMData.m */; };
		D6691BB91FF76B88008FD06A /* FXMBaseMData.m in Sources */ = {isa = PBXBuildFile; fileRef = D6691BB71FF76B88008FD06A /* FXMBaseMData.m */; };
		D6691BCB1FF76BBF008FD06A /* NSArray+Bounds.m in Sources */ = {isa = PBXBuildFile; fileRef = D6691BBD1FF76BBF008FD06A /* NSArray+Bounds.m */; };
		D6691BCC1FF76BBF008FD06A /* NSString+Random.m in Sources */ = {isa = PBXBuildFile; fileRef = D6691BC01FF76BBF008FD06A /* NSString+Random.m */; };
		D6691BCD1FF76BBF008FD06A /* NSString+Size.m in Sources */ = {isa = PBXBuildFile; fileRef = D6691BC21FF76BBF008FD06A /* NSString+Size.m */; };
		D6691BCE1FF76BBF008FD06A /* NSString+Util.m in Sources */ = {isa = PBXBuildFile; fileRef = D6691BC41FF76BBF008FD06A /* NSString+Util.m */; };
		D6691BCF1FF76BBF008FD06A /* UIButton+BackGroundColor.m in Sources */ = {isa = PBXBuildFile; fileRef = D6691BC71FF76BBF008FD06A /* UIButton+BackGroundColor.m */; };
		D6691BD01FF76BBF008FD06A /* UIView+Extension.m in Sources */ = {isa = PBXBuildFile; fileRef = D6691BCA1FF76BBF008FD06A /* UIView+Extension.m */; };
		D6691BD41FF76D17008FD06A /* FXMAdjustmentButton.m in Sources */ = {isa = PBXBuildFile; fileRef = D6691BD31FF76D17008FD06A /* FXMAdjustmentButton.m */; };
		D6691BD71FF76EF2008FD06A /* FXMButton.m in Sources */ = {isa = PBXBuildFile; fileRef = D6691BD61FF76EF2008FD06A /* FXMButton.m */; };
		D6691BF51FF770CF008FD06A /* LICENSE in Resources */ = {isa = PBXBuildFile; fileRef = D6691BD91FF770CE008FD06A /* LICENSE */; };
		D6691BF61FF770CF008FD06A /* MASCompositeConstraint.m in Sources */ = {isa = PBXBuildFile; fileRef = D6691BDC1FF770CE008FD06A /* MASCompositeConstraint.m */; };
		D6691BF71FF770CF008FD06A /* MASConstraint.m in Sources */ = {isa = PBXBuildFile; fileRef = D6691BDF1FF770CE008FD06A /* MASConstraint.m */; };
		D6691BF81FF770CF008FD06A /* MASConstraintMaker.m in Sources */ = {isa = PBXBuildFile; fileRef = D6691BE11FF770CE008FD06A /* MASConstraintMaker.m */; };
		D6691BF91FF770CF008FD06A /* MASLayoutConstraint.m in Sources */ = {isa = PBXBuildFile; fileRef = D6691BE31FF770CE008FD06A /* MASLayoutConstraint.m */; };
		D6691BFA1FF770CF008FD06A /* MASViewAttribute.m in Sources */ = {isa = PBXBuildFile; fileRef = D6691BE71FF770CE008FD06A /* MASViewAttribute.m */; };
		D6691BFB1FF770CF008FD06A /* MASViewConstraint.m in Sources */ = {isa = PBXBuildFile; fileRef = D6691BE91FF770CE008FD06A /* MASViewConstraint.m */; };
		D6691BFC1FF770CF008FD06A /* NSArray+MASAdditions.m in Sources */ = {isa = PBXBuildFile; fileRef = D6691BEB1FF770CE008FD06A /* NSArray+MASAdditions.m */; };
		D6691BFD1FF770CF008FD06A /* NSLayoutConstraint+MASDebugAdditions.m in Sources */ = {isa = PBXBuildFile; fileRef = D6691BEE1FF770CE008FD06A /* NSLayoutConstraint+MASDebugAdditions.m */; };
		D6691BFE1FF770CF008FD06A /* View+MASAdditions.m in Sources */ = {isa = PBXBuildFile; fileRef = D6691BF01FF770CE008FD06A /* View+MASAdditions.m */; };
		D6691BFF1FF770CF008FD06A /* ViewController+MASAdditions.m in Sources */ = {isa = PBXBuildFile; fileRef = D6691BF31FF770CE008FD06A /* ViewController+MASAdditions.m */; };
		D6691C001FF770CF008FD06A /* README.md in Resources */ = {isa = PBXBuildFile; fileRef = D6691BF41FF770CE008FD06A /* README.md */; };
		D6691C5F1FF79714008FD06A /* NSArray+Bounds.m in Sources */ = {isa = PBXBuildFile; fileRef = D6691C511FF79714008FD06A /* NSArray+Bounds.m */; };
		D6691C601FF79714008FD06A /* NSString+Random.m in Sources */ = {isa = PBXBuildFile; fileRef = D6691C541FF79714008FD06A /* NSString+Random.m */; };
		D6691C611FF79714008FD06A /* NSString+Size.m in Sources */ = {isa = PBXBuildFile; fileRef = D6691C561FF79714008FD06A /* NSString+Size.m */; };
		D6691C621FF79714008FD06A /* NSString+Util.m in Sources */ = {isa = PBXBuildFile; fileRef = D6691C581FF79714008FD06A /* NSString+Util.m */; };
		D6691C631FF79714008FD06A /* UIButton+BackGroundColor.m in Sources */ = {isa = PBXBuildFile; fileRef = D6691C5B1FF79714008FD06A /* UIButton+BackGroundColor.m */; };
		D6691C641FF79714008FD06A /* UIView+Extension.m in Sources */ = {isa = PBXBuildFile; fileRef = D6691C5E1FF79714008FD06A /* UIView+Extension.m */; };
		D6691CBB1FF7975C008FD06A /* FXMCommonDropMenuSectionFooterView.m in Sources */ = {isa = PBXBuildFile; fileRef = D6691CAF1FF79759008FD06A /* FXMCommonDropMenuSectionFooterView.m */; };
		D6691CBC1FF7975C008FD06A /* FXMCommonDropMenu.m in Sources */ = {isa = PBXBuildFile; fileRef = D6691CB01FF79759008FD06A /* FXMCommonDropMenu.m */; };
		D6691CBD1FF7975C008FD06A /* FXMCommonDropMenuCell.m in Sources */ = {isa = PBXBuildFile; fileRef = D6691CB31FF7975A008FD06A /* FXMCommonDropMenuCell.m */; };
		D6691CBE1FF7975C008FD06A /* FXMCommonDropMenuFooter.m in Sources */ = {isa = PBXBuildFile; fileRef = D6691CB41FF7975A008FD06A /* FXMCommonDropMenuFooter.m */; };
		D6691CBF1FF7975C008FD06A /* FXMCommonDropMeunHeader.m in Sources */ = {isa = PBXBuildFile; fileRef = D6691CB61FF7975B008FD06A /* FXMCommonDropMeunHeader.m */; };
		D6691CC01FF7975C008FD06A /* GHDropMenuModel.m in Sources */ = {isa = PBXBuildFile; fileRef = D6691CB71FF7975B008FD06A /* GHDropMenuModel.m */; };
		D6691CC11FF7975C008FD06A /* FXMCommonDropDownMenuItem.m in Sources */ = {isa = PBXBuildFile; fileRef = D6691CB81FF7975B008FD06A /* FXMCommonDropDownMenuItem.m */; };
/* End PBXBuildFile section */

/* Begin PBXContainerItemProxy section */
		D6691B7C1FF768F3008FD06A /* PBXContainerItemProxy */ = {
			isa = PBXContainerItemProxy;
			containerPortal = D6691B5B1FF768F3008FD06A /* Project object */;
			proxyType = 1;
			remoteGlobalIDString = D6691B621FF768F3008FD06A;
			remoteInfo = GHDropMenu;
		};
		D6691B871FF768F3008FD06A /* PBXContainerItemProxy */ = {
			isa = PBXContainerItemProxy;
			containerPortal = D6691B5B1FF768F3008FD06A /* Project object */;
			proxyType = 1;
			remoteGlobalIDString = D6691B621FF768F3008FD06A;
			remoteInfo = GHDropMenu;
		};
/* End PBXContainerItemProxy section */

/* Begin PBXFileReference section */
		D6691B631FF768F3008FD06A /* GHDropMenu.app */ = {isa = PBXFileReference; explicitFileType = wrapper.application; includeInIndex = 0; path = GHDropMenu.app; sourceTree = BUILT_PRODUCTS_DIR; };
		D6691B661FF768F3008FD06A /* AppDelegate.h */ = {isa = PBXFileReference; lastKnownFileType = sourcecode.c.h; path = AppDelegate.h; sourceTree = "<group>"; };
		D6691B671FF768F3008FD06A /* AppDelegate.m */ = {isa = PBXFileReference; lastKnownFileType = sourcecode.c.objc; path = AppDelegate.m; sourceTree = "<group>"; };
		D6691B691FF768F3008FD06A /* ViewController.h */ = {isa = PBXFileReference; lastKnownFileType = sourcecode.c.h; path = ViewController.h; sourceTree = "<group>"; };
		D6691B6A1FF768F3008FD06A /* ViewController.m */ = {isa = PBXFileReference; lastKnownFileType = sourcecode.c.objc; path = ViewController.m; sourceTree = "<group>"; };
		D6691B6D1FF768F3008FD06A /* Base */ = {isa = PBXFileReference; lastKnownFileType = file.storyboard; name = Base; path = Base.lproj/Main.storyboard; sourceTree = "<group>"; };
		D6691B6F1FF768F3008FD06A /* Assets.xcassets */ = {isa = PBXFileReference; lastKnownFileType = folder.assetcatalog; path = Assets.xcassets; sourceTree = "<group>"; };
		D6691B721FF768F3008FD06A /* Base */ = {isa = PBXFileReference; lastKnownFileType = file.storyboard; name = Base; path = Base.lproj/LaunchScreen.storyboard; sourceTree = "<group>"; };
		D6691B741FF768F3008FD06A /* Info.plist */ = {isa = PBXFileReference; lastKnownFileType = text.plist.xml; path = Info.plist; sourceTree = "<group>"; };
		D6691B751FF768F3008FD06A /* main.m */ = {isa = PBXFileReference; lastKnownFileType = sourcecode.c.objc; path = main.m; sourceTree = "<group>"; };
		D6691B7B1FF768F3008FD06A /* GHDropMenuTests.xctest */ = {isa = PBXFileReference; explicitFileType = wrapper.cfbundle; includeInIndex = 0; path = GHDropMenuTests.xctest; sourceTree = BUILT_PRODUCTS_DIR; };
		D6691B7F1FF768F3008FD06A /* GHDropMenuTests.m */ = {isa = PBXFileReference; lastKnownFileType = sourcecode.c.objc; path = GHDropMenuTests.m; sourceTree = "<group>"; };
		D6691B811FF768F3008FD06A /* Info.plist */ = {isa = PBXFileReference; lastKnownFileType = text.plist.xml; path = Info.plist; sourceTree = "<group>"; };
		D6691B861FF768F3008FD06A /* GHDropMenuUITests.xctest */ = {isa = PBXFileReference; explicitFileType = wrapper.cfbundle; includeInIndex = 0; path = GHDropMenuUITests.xctest; sourceTree = BUILT_PRODUCTS_DIR; };
		D6691B8A1FF768F3008FD06A /* GHDropMenuUITests.m */ = {isa = PBXFileReference; lastKnownFileType = sourcecode.c.objc; path = GHDropMenuUITests.m; sourceTree = "<group>"; };
		D6691B8C1FF768F3008FD06A /* Info.plist */ = {isa = PBXFileReference; lastKnownFileType = text.plist.xml; path = Info.plist; sourceTree = "<group>"; };
		D6691B9F1FF76B4E008FD06A /* FXMDropMenuMData.h */ = {isa = PBXFileReference; fileEncoding = 4; lastKnownFileType = sourcecode.c.h; path = FXMDropMenuMData.h; sourceTree = "<group>"; };
		D6691BA01FF76B4E008FD06A /* FXMDropMenuMData.m */ = {isa = PBXFileReference; fileEncoding = 4; lastKnownFileType = sourcecode.c.objc; path = FXMDropMenuMData.m; sourceTree = "<group>"; };
		D6691BB71FF76B88008FD06A /* FXMBaseMData.m */ = {isa = PBXFileReference; fileEncoding = 4; lastKnownFileType = sourcecode.c.objc; path = FXMBaseMData.m; sourceTree = "<group>"; };
		D6691BB81FF76B88008FD06A /* FXMBaseMData.h */ = {isa = PBXFileReference; fileEncoding = 4; lastKnownFileType = sourcecode.c.h; path = FXMBaseMData.h; sourceTree = "<group>"; };
		D6691BBC1FF76BBF008FD06A /* NSArray+Bounds.h */ = {isa = PBXFileReference; fileEncoding = 4; lastKnownFileType = sourcecode.c.h; path = "NSArray+Bounds.h"; sourceTree = "<group>"; };
		D6691BBD1FF76BBF008FD06A /* NSArray+Bounds.m */ = {isa = PBXFileReference; fileEncoding = 4; lastKnownFileType = sourcecode.c.objc; path = "NSArray+Bounds.m"; sourceTree = "<group>"; };
		D6691BBF1FF76BBF008FD06A /* NSString+Random.h */ = {isa = PBXFileReference; fileEncoding = 4; lastKnownFileType = sourcecode.c.h; path = "NSString+Random.h"; sourceTree = "<group>"; };
		D6691BC01FF76BBF008FD06A /* NSString+Random.m */ = {isa = PBXFileReference; fileEncoding = 4; lastKnownFileType = sourcecode.c.objc; path = "NSString+Random.m"; sourceTree = "<group>"; };
		D6691BC11FF76BBF008FD06A /* NSString+Size.h */ = {isa = PBXFileReference; fileEncoding = 4; lastKnownFileType = sourcecode.c.h; path = "NSString+Size.h"; sourceTree = "<group>"; };
		D6691BC21FF76BBF008FD06A /* NSString+Size.m */ = {isa = PBXFileReference; fileEncoding = 4; lastKnownFileType = sourcecode.c.objc; path = "NSString+Size.m"; sourceTree = "<group>"; };
		D6691BC31FF76BBF008FD06A /* NSString+Util.h */ = {isa = PBXFileReference; fileEncoding = 4; lastKnownFileType = sourcecode.c.h; path = "NSString+Util.h"; sourceTree = "<group>"; };
		D6691BC41FF76BBF008FD06A /* NSString+Util.m */ = {isa = PBXFileReference; fileEncoding = 4; lastKnownFileType = sourcecode.c.objc; path = "NSString+Util.m"; sourceTree = "<group>"; };
		D6691BC61FF76BBF008FD06A /* UIButton+BackGroundColor.h */ = {isa = PBXFileReference; fileEncoding = 4; lastKnownFileType = sourcecode.c.h; path = "UIButton+BackGroundColor.h"; sourceTree = "<group>"; };
		D6691BC71FF76BBF008FD06A /* UIButton+BackGroundColor.m */ = {isa = PBXFileReference; fileEncoding = 4; lastKnownFileType = sourcecode.c.objc; path = "UIButton+BackGroundColor.m"; sourceTree = "<group>"; };
		D6691BC91FF76BBF008FD06A /* UIView+Extension.h */ = {isa = PBXFileReference; fileEncoding = 4; lastKnownFileType = sourcecode.c.h; path = "UIView+Extension.h"; sourceTree = "<group>"; };
		D6691BCA1FF76BBF008FD06A /* UIView+Extension.m */ = {isa = PBXFileReference; fileEncoding = 4; lastKnownFileType = sourcecode.c.objc; path = "UIView+Extension.m"; sourceTree = "<group>"; };
		D6691BD11FF76BD9008FD06A /* PrefixHeader.pch */ = {isa = PBXFileReference; lastKnownFileType = sourcecode.c.h; path = PrefixHeader.pch; sourceTree = "<group>"; };
		D6691BD21FF76D17008FD06A /* FXMAdjustmentButton.h */ = {isa = PBXFileReference; fileEncoding = 4; lastKnownFileType = sourcecode.c.h; path = FXMAdjustmentButton.h; sourceTree = "<group>"; };
		D6691BD31FF76D17008FD06A /* FXMAdjustmentButton.m */ = {isa = PBXFileReference; fileEncoding = 4; lastKnownFileType = sourcecode.c.objc; path = FXMAdjustmentButton.m; sourceTree = "<group>"; };
		D6691BD51FF76EF2008FD06A /* FXMButton.h */ = {isa = PBXFileReference; fileEncoding = 4; lastKnownFileType = sourcecode.c.h; path = FXMButton.h; sourceTree = "<group>"; };
		D6691BD61FF76EF2008FD06A /* FXMButton.m */ = {isa = PBXFileReference; fileEncoding = 4; lastKnownFileType = sourcecode.c.objc; path = FXMButton.m; sourceTree = "<group>"; };
		D6691BD91FF770CE008FD06A /* LICENSE */ = {isa = PBXFileReference; fileEncoding = 4; lastKnownFileType = text; path = LICENSE; sourceTree = "<group>"; };
		D6691BDB1FF770CE008FD06A /* MASCompositeConstraint.h */ = {isa = PBXFileReference; fileEncoding = 4; lastKnownFileType = sourcecode.c.h; path = MASCompositeConstraint.h; sourceTree = "<group>"; };
		D6691BDC1FF770CE008FD06A /* MASCompositeConstraint.m */ = {isa = PBXFileReference; fileEncoding = 4; lastKnownFileType = sourcecode.c.objc; path = MASCompositeConstraint.m; sourceTree = "<group>"; };
		D6691BDD1FF770CE008FD06A /* MASConstraint+Private.h */ = {isa = PBXFileReference; fileEncoding = 4; lastKnownFileType = sourcecode.c.h; path = "MASConstraint+Private.h"; sourceTree = "<group>"; };
		D6691BDE1FF770CE008FD06A /* MASConstraint.h */ = {isa = PBXFileReference; fileEncoding = 4; lastKnownFileType = sourcecode.c.h; path = MASConstraint.h; sourceTree = "<group>"; };
		D6691BDF1FF770CE008FD06A /* MASConstraint.m */ = {isa = PBXFileReference; fileEncoding = 4; lastKnownFileType = sourcecode.c.objc; path = MASConstraint.m; sourceTree = "<group>"; };
		D6691BE01FF770CE008FD06A /* MASConstraintMaker.h */ = {isa = PBXFileReference; fileEncoding = 4; lastKnownFileType = sourcecode.c.h; path = MASConstraintMaker.h; sourceTree = "<group>"; };
		D6691BE11FF770CE008FD06A /* MASConstraintMaker.m */ = {isa = PBXFileReference; fileEncoding = 4; lastKnownFileType = sourcecode.c.objc; path = MASConstraintMaker.m; sourceTree = "<group>"; };
		D6691BE21FF770CE008FD06A /* MASLayoutConstraint.h */ = {isa = PBXFileReference; fileEncoding = 4; lastKnownFileType = sourcecode.c.h; path = MASLayoutConstraint.h; sourceTree = "<group>"; };
		D6691BE31FF770CE008FD06A /* MASLayoutConstraint.m */ = {isa = PBXFileReference; fileEncoding = 4; lastKnownFileType = sourcecode.c.objc; path = MASLayoutConstraint.m; sourceTree = "<group>"; };
		D6691BE41FF770CE008FD06A /* Masonry.h */ = {isa = PBXFileReference; fileEncoding = 4; lastKnownFileType = sourcecode.c.h; path = Masonry.h; sourceTree = "<group>"; };
		D6691BE51FF770CE008FD06A /* MASUtilities.h */ = {isa = PBXFileReference; fileEncoding = 4; lastKnownFileType = sourcecode.c.h; path = MASUtilities.h; sourceTree = "<group>"; };
		D6691BE61FF770CE008FD06A /* MASViewAttribute.h */ = {isa = PBXFileReference; fileEncoding = 4; lastKnownFileType = sourcecode.c.h; path = MASViewAttribute.h; sourceTree = "<group>"; };
		D6691BE71FF770CE008FD06A /* MASViewAttribute.m */ = {isa = PBXFileReference; fileEncoding = 4; lastKnownFileType = sourcecode.c.objc; path = MASViewAttribute.m; sourceTree = "<group>"; };
		D6691BE81FF770CE008FD06A /* MASViewConstraint.h */ = {isa = PBXFileReference; fileEncoding = 4; lastKnownFileType = sourcecode.c.h; path = MASViewConstraint.h; sourceTree = "<group>"; };
		D6691BE91FF770CE008FD06A /* MASViewConstraint.m */ = {isa = PBXFileReference; fileEncoding = 4; lastKnownFileType = sourcecode.c.objc; path = MASViewConstraint.m; sourceTree = "<group>"; };
		D6691BEA1FF770CE008FD06A /* NSArray+MASAdditions.h */ = {isa = PBXFileReference; fileEncoding = 4; lastKnownFileType = sourcecode.c.h; path = "NSArray+MASAdditions.h"; sourceTree = "<group>"; };
		D6691BEB1FF770CE008FD06A /* NSArray+MASAdditions.m */ = {isa = PBXFileReference; fileEncoding = 4; lastKnownFileType = sourcecode.c.objc; path = "NSArray+MASAdditions.m"; sourceTree = "<group>"; };
		D6691BEC1FF770CE008FD06A /* NSArray+MASShorthandAdditions.h */ = {isa = PBXFileReference; fileEncoding = 4; lastKnownFileType = sourcecode.c.h; path = "NSArray+MASShorthandAdditions.h"; sourceTree = "<group>"; };
		D6691BED1FF770CE008FD06A /* NSLayoutConstraint+MASDebugAdditions.h */ = {isa = PBXFileReference; fileEncoding = 4; lastKnownFileType = sourcecode.c.h; path = "NSLayoutConstraint+MASDebugAdditions.h"; sourceTree = "<group>"; };
		D6691BEE1FF770CE008FD06A /* NSLayoutConstraint+MASDebugAdditions.m */ = {isa = PBXFileReference; fileEncoding = 4; lastKnownFileType = sourcecode.c.objc; path = "NSLayoutConstraint+MASDebugAdditions.m"; sourceTree = "<group>"; };
		D6691BEF1FF770CE008FD06A /* View+MASAdditions.h */ = {isa = PBXFileReference; fileEncoding = 4; lastKnownFileType = sourcecode.c.h; path = "View+MASAdditions.h"; sourceTree = "<group>"; };
		D6691BF01FF770CE008FD06A /* View+MASAdditions.m */ = {isa = PBXFileReference; fileEncoding = 4; lastKnownFileType = sourcecode.c.objc; path = "View+MASAdditions.m"; sourceTree = "<group>"; };
		D6691BF11FF770CE008FD06A /* View+MASShorthandAdditions.h */ = {isa = PBXFileReference; fileEncoding = 4; lastKnownFileType = sourcecode.c.h; path = "View+MASShorthandAdditions.h"; sourceTree = "<group>"; };
		D6691BF21FF770CE008FD06A /* ViewController+MASAdditions.h */ = {isa = PBXFileReference; fileEncoding = 4; lastKnownFileType = sourcecode.c.h; path = "ViewController+MASAdditions.h"; sourceTree = "<group>"; };
		D6691BF31FF770CE008FD06A /* ViewController+MASAdditions.m */ = {isa = PBXFileReference; fileEncoding = 4; lastKnownFileType = sourcecode.c.objc; path = "ViewController+MASAdditions.m"; sourceTree = "<group>"; };
		D6691BF41FF770CE008FD06A /* README.md */ = {isa = PBXFileReference; fileEncoding = 4; lastKnownFileType = net.daringfireball.markdown; path = README.md; sourceTree = "<group>"; };
		D6691C501FF79714008FD06A /* NSArray+Bounds.h */ = {isa = PBXFileReference; fileEncoding = 4; lastKnownFileType = sourcecode.c.h; path = "NSArray+Bounds.h"; sourceTree = "<group>"; };
		D6691C511FF79714008FD06A /* NSArray+Bounds.m */ = {isa = PBXFileReference; fileEncoding = 4; lastKnownFileType = sourcecode.c.objc; path = "NSArray+Bounds.m"; sourceTree = "<group>"; };
		D6691C531FF79714008FD06A /* NSString+Random.h */ = {isa = PBXFileReference; fileEncoding = 4; lastKnownFileType = sourcecode.c.h; path = "NSString+Random.h"; sourceTree = "<group>"; };
		D6691C541FF79714008FD06A /* NSString+Random.m */ = {isa = PBXFileReference; fileEncoding = 4; lastKnownFileType = sourcecode.c.objc; path = "NSString+Random.m"; sourceTree = "<group>"; };
		D6691C551FF79714008FD06A /* NSString+Size.h */ = {isa = PBXFileReference; fileEncoding = 4; lastKnownFileType = sourcecode.c.h; path = "NSString+Size.h"; sourceTree = "<group>"; };
		D6691C561FF79714008FD06A /* NSString+Size.m */ = {isa = PBXFileReference; fileEncoding = 4; lastKnownFileType = sourcecode.c.objc; path = "NSString+Size.m"; sourceTree = "<group>"; };
		D6691C571FF79714008FD06A /* NSString+Util.h */ = {isa = PBXFileReference; fileEncoding = 4; lastKnownFileType = sourcecode.c.h; path = "NSString+Util.h"; sourceTree = "<group>"; };
		D6691C581FF79714008FD06A /* NSString+Util.m */ = {isa = PBXFileReference; fileEncoding = 4; lastKnownFileType = sourcecode.c.objc; path = "NSString+Util.m"; sourceTree = "<group>"; };
		D6691C5A1FF79714008FD06A /* UIButton+BackGroundColor.h */ = {isa = PBXFileReference; fileEncoding = 4; lastKnownFileType = sourcecode.c.h; path = "UIButton+BackGroundColor.h"; sourceTree = "<group>"; };
		D6691C5B1FF79714008FD06A /* UIButton+BackGroundColor.m */ = {isa = PBXFileReference; fileEncoding = 4; lastKnownFileType = sourcecode.c.objc; path = "UIButton+BackGroundColor.m"; sourceTree = "<group>"; };
		D6691C5D1FF79714008FD06A /* UIView+Extension.h */ = {isa = PBXFileReference; fileEncoding = 4; lastKnownFileType = sourcecode.c.h; path = "UIView+Extension.h"; sourceTree = "<group>"; };
		D6691C5E1FF79714008FD06A /* UIView+Extension.m */ = {isa = PBXFileReference; fileEncoding = 4; lastKnownFileType = sourcecode.c.objc; path = "UIView+Extension.m"; sourceTree = "<group>"; };
		D6691CAC1FF79758008FD06A /* FXMCommonDropMenuPCH.h */ = {isa = PBXFileReference; fileEncoding = 4; lastKnownFileType = sourcecode.c.h; path = FXMCommonDropMenuPCH.h; sourceTree = "<group>"; };
		D6691CAD1FF79758008FD06A /* FXMCommonDropDownMenuItem.h */ = {isa = PBXFileReference; fileEncoding = 4; lastKnownFileType = sourcecode.c.h; path = FXMCommonDropDownMenuItem.h; sourceTree = "<group>"; };
		D6691CAE1FF79758008FD06A /* FXMCommonDropMeunHeader.h */ = {isa = PBXFileReference; fileEncoding = 4; lastKnownFileType = sourcecode.c.h; path = FXMCommonDropMeunHeader.h; sourceTree = "<group>"; };
		D6691CAF1FF79759008FD06A /* FXMCommonDropMenuSectionFooterView.m */ = {isa = PBXFileReference; fileEncoding = 4; lastKnownFileType = sourcecode.c.objc; path = FXMCommonDropMenuSectionFooterView.m; sourceTree = "<group>"; };
		D6691CB01FF79759008FD06A /* FXMCommonDropMenu.m */ = {isa = PBXFileReference; fileEncoding = 4; lastKnownFileType = sourcecode.c.objc; path = FXMCommonDropMenu.m; sourceTree = "<group>"; };
		D6691CB11FF79759008FD06A /* GHDropMenuModel.h */ = {isa = PBXFileReference; fileEncoding = 4; lastKnownFileType = sourcecode.c.h; path = GHDropMenuModel.h; sourceTree = "<group>"; };
		D6691CB21FF7975A008FD06A /* FXMCommonDropMenuCell.h */ = {isa = PBXFileReference; fileEncoding = 4; lastKnownFileType = sourcecode.c.h; path = FXMCommonDropMenuCell.h; sourceTree = "<group>"; };
		D6691CB31FF7975A008FD06A /* FXMCommonDropMenuCell.m */ = {isa = PBXFileReference; fileEncoding = 4; lastKnownFileType = sourcecode.c.objc; path = FXMCommonDropMenuCell.m; sourceTree = "<group>"; };
		D6691CB41FF7975A008FD06A /* FXMCommonDropMenuFooter.m */ = {isa = PBXFileReference; fileEncoding = 4; lastKnownFileType = sourcecode.c.objc; path = FXMCommonDropMenuFooter.m; sourceTree = "<group>"; };
		D6691CB51FF7975A008FD06A /* FXMCommonDropMenuFooter.h */ = {isa = PBXFileReference; fileEncoding = 4; lastKnownFileType = sourcecode.c.h; path = FXMCommonDropMenuFooter.h; sourceTree = "<group>"; };
		D6691CB61FF7975B008FD06A /* FXMCommonDropMeunHeader.m */ = {isa = PBXFileReference; fileEncoding = 4; lastKnownFileType = sourcecode.c.objc; path = FXMCommonDropMeunHeader.m; sourceTree = "<group>"; };
		D6691CB71FF7975B008FD06A /* GHDropMenuModel.m */ = {isa = PBXFileReference; fileEncoding = 4; lastKnownFileType = sourcecode.c.objc; path = GHDropMenuModel.m; sourceTree = "<group>"; };
		D6691CB81FF7975B008FD06A /* FXMCommonDropDownMenuItem.m */ = {isa = PBXFileReference; fileEncoding = 4; lastKnownFileType = sourcecode.c.objc; path = FXMCommonDropDownMenuItem.m; sourceTree = "<group>"; };
		D6691CB91FF7975C008FD06A /* FXMCommonDropMenu.h */ = {isa = PBXFileReference; fileEncoding = 4; lastKnownFileType = sourcecode.c.h; path = FXMCommonDropMenu.h; sourceTree = "<group>"; };
		D6691CBA1FF7975C008FD06A /* FXMCommonDropMenuSectionFooterView.h */ = {isa = PBXFileReference; fileEncoding = 4; lastKnownFileType = sourcecode.c.h; path = FXMCommonDropMenuSectionFooterView.h; sourceTree = "<group>"; };
/* End PBXFileReference section */

/* Begin PBXFrameworksBuildPhase section */
		D6691B601FF768F3008FD06A /* Frameworks */ = {
			isa = PBXFrameworksBuildPhase;
			buildActionMask = 2147483647;
			files = (
			);
			runOnlyForDeploymentPostprocessing = 0;
		};
		D6691B781FF768F3008FD06A /* Frameworks */ = {
			isa = PBXFrameworksBuildPhase;
			buildActionMask = 2147483647;
			files = (
			);
			runOnlyForDeploymentPostprocessing = 0;
		};
		D6691B831FF768F3008FD06A /* Frameworks */ = {
			isa = PBXFrameworksBuildPhase;
			buildActionMask = 2147483647;
			files = (
			);
			runOnlyForDeploymentPostprocessing = 0;
		};
/* End PBXFrameworksBuildPhase section */

/* Begin PBXGroup section */
		D6691B5A1FF768F3008FD06A = {
			isa = PBXGroup;
			children = (
				D6691BD81FF770CE008FD06A /* Masonry */,
				D6691B651FF768F3008FD06A /* GHDropMenu */,
				D6691B7E1FF768F3008FD06A /* GHDropMenuTests */,
				D6691B891FF768F3008FD06A /* GHDropMenuUITests */,
				D6691B641FF768F3008FD06A /* Products */,
			);
			sourceTree = "<group>";
		};
		D6691B641FF768F3008FD06A /* Products */ = {
			isa = PBXGroup;
			children = (
				D6691B631FF768F3008FD06A /* GHDropMenu.app */,
				D6691B7B1FF768F3008FD06A /* GHDropMenuTests.xctest */,
				D6691B861FF768F3008FD06A /* GHDropMenuUITests.xctest */,
			);
			name = Products;
			sourceTree = "<group>";
		};
		D6691B651FF768F3008FD06A /* GHDropMenu */ = {
			isa = PBXGroup;
			children = (
				D6691BD51FF76EF2008FD06A /* FXMButton.h */,
				D6691BD61FF76EF2008FD06A /* FXMButton.m */,
				D6691BD21FF76D17008FD06A /* FXMAdjustmentButton.h */,
				D6691BD31FF76D17008FD06A /* FXMAdjustmentButton.m */,
				D6691BBA1FF76BBF008FD06A /* FXMCategory */,
				D6691BA21FF76B61008FD06A /* FXMCommonDropMenu */,
				D6691B9E1FF76B4E008FD06A /* FXMDropMenuMData */,
				D6691B661FF768F3008FD06A /* AppDelegate.h */,
				D6691B671FF768F3008FD06A /* AppDelegate.m */,
				D6691B691FF768F3008FD06A /* ViewController.h */,
				D6691B6A1FF768F3008FD06A /* ViewController.m */,
				D6691BD11FF76BD9008FD06A /* PrefixHeader.pch */,
				D6691B6C1FF768F3008FD06A /* Main.storyboard */,
				D6691B6F1FF768F3008FD06A /* Assets.xcassets */,
				D6691B711FF768F3008FD06A /* LaunchScreen.storyboard */,
				D6691B741FF768F3008FD06A /* Info.plist */,
				D6691B751FF768F3008FD06A /* main.m */,
			);
			path = GHDropMenu;
			sourceTree = "<group>";
		};
		D6691B7E1FF768F3008FD06A /* GHDropMenuTests */ = {
			isa = PBXGroup;
			children = (
				D6691B7F1FF768F3008FD06A /* GHDropMenuTests.m */,
				D6691B811FF768F3008FD06A /* Info.plist */,
			);
			path = GHDropMenuTests;
			sourceTree = "<group>";
		};
		D6691B891FF768F3008FD06A /* GHDropMenuUITests */ = {
			isa = PBXGroup;
			children = (
				D6691B8A1FF768F3008FD06A /* GHDropMenuUITests.m */,
				D6691B8C1FF768F3008FD06A /* Info.plist */,
			);
			path = GHDropMenuUITests;
			sourceTree = "<group>";
		};
		D6691B9E1FF76B4E008FD06A /* FXMDropMenuMData */ = {
			isa = PBXGroup;
			children = (
				D6691B9F1FF76B4E008FD06A /* FXMDropMenuMData.h */,
				D6691BA01FF76B4E008FD06A /* FXMDropMenuMData.m */,
				D6691BB81FF76B88008FD06A /* FXMBaseMData.h */,
				D6691BB71FF76B88008FD06A /* FXMBaseMData.m */,
			);
			path = FXMDropMenuMData;
			sourceTree = "<group>";
		};
		D6691BA21FF76B61008FD06A /* FXMCommonDropMenu */ = {
			isa = PBXGroup;
			children = (
				D6691BA31FF76B61008FD06A /* FXMView */,
			);
			name = FXMCommonDropMenu;
			path = "../../../备份/新瑞禾房产/FXMOnLineAPP/FXMOnLineAPP/Classes/FXMSDk/FXMCustomView/FXMCommonDropMenu";
			sourceTree = "<group>";
		};
		D6691BA31FF76B61008FD06A /* FXMView */ = {
			isa = PBXGroup;
			children = (
				D6691CAD1FF79758008FD06A /* FXMCommonDropDownMenuItem.h */,
				D6691CB81FF7975B008FD06A /* FXMCommonDropDownMenuItem.m */,
				D6691CB91FF7975C008FD06A /* FXMCommonDropMenu.h */,
				D6691CB01FF79759008FD06A /* FXMCommonDropMenu.m */,
				D6691CB21FF7975A008FD06A /* FXMCommonDropMenuCell.h */,
				D6691CB31FF7975A008FD06A /* FXMCommonDropMenuCell.m */,
				D6691CB51FF7975A008FD06A /* FXMCommonDropMenuFooter.h */,
				D6691CB41FF7975A008FD06A /* FXMCommonDropMenuFooter.m */,
				D6691CAC1FF79758008FD06A /* FXMCommonDropMenuPCH.h */,
				D6691CBA1FF7975C008FD06A /* FXMCommonDropMenuSectionFooterView.h */,
				D6691CAF1FF79759008FD06A /* FXMCommonDropMenuSectionFooterView.m */,
				D6691CAE1FF79758008FD06A /* FXMCommonDropMeunHeader.h */,
				D6691CB61FF7975B008FD06A /* FXMCommonDropMeunHeader.m */,
				D6691CB11FF79759008FD06A /* GHDropMenuModel.h */,
				D6691CB71FF7975B008FD06A /* GHDropMenuModel.m */,
			);
			path = FXMView;
			sourceTree = "<group>";
		};
		D6691BBA1FF76BBF008FD06A /* FXMCategory */ = {
			isa = PBXGroup;
			children = (
				D6691C011FF79714008FD06A /* FXMCategory */,
				D6691BBB1FF76BBF008FD06A /* NSArray+Category */,
				D6691BBE1FF76BBF008FD06A /* NSString+Category */,
				D6691BC51FF76BBF008FD06A /* UIButton+Category */,
				D6691BC81FF76BBF008FD06A /* UIView+Category */,
			);
			name = FXMCategory;
			path = "../../../备份/新瑞禾房产/FXMOnLineAPP/FXMOnLineAPP/Classes/FXMSDk/FXMCategory";
			sourceTree = "<group>";
		};
		D6691BBB1FF76BBF008FD06A /* NSArray+Category */ = {
			isa = PBXGroup;
			children = (
				D6691BBC1FF76BBF008FD06A /* NSArray+Bounds.h */,
				D6691BBD1FF76BBF008FD06A /* NSArray+Bounds.m */,
			);
			path = "NSArray+Category";
			sourceTree = "<group>";
		};
		D6691BBE1FF76BBF008FD06A /* NSString+Category */ = {
			isa = PBXGroup;
			children = (
				D6691BBF1FF76BBF008FD06A /* NSString+Random.h */,
				D6691BC01FF76BBF008FD06A /* NSString+Random.m */,
				D6691BC11FF76BBF008FD06A /* NSString+Size.h */,
				D6691BC21FF76BBF008FD06A /* NSString+Size.m */,
				D6691BC31FF76BBF008FD06A /* NSString+Util.h */,
				D6691BC41FF76BBF008FD06A /* NSString+Util.m */,
			);
			path = "NSString+Category";
			sourceTree = "<group>";
		};
		D6691BC51FF76BBF008FD06A /* UIButton+Category */ = {
			isa = PBXGroup;
			children = (
				D6691BC61FF76BBF008FD06A /* UIButton+BackGroundColor.h */,
				D6691BC71FF76BBF008FD06A /* UIButton+BackGroundColor.m */,
			);
			path = "UIButton+Category";
			sourceTree = "<group>";
		};
		D6691BC81FF76BBF008FD06A /* UIView+Category */ = {
			isa = PBXGroup;
			children = (
				D6691BC91FF76BBF008FD06A /* UIView+Extension.h */,
				D6691BCA1FF76BBF008FD06A /* UIView+Extension.m */,
			);
			path = "UIView+Category";
			sourceTree = "<group>";
		};
		D6691BD81FF770CE008FD06A /* Masonry */ = {
			isa = PBXGroup;
			children = (
				D6691BD91FF770CE008FD06A /* LICENSE */,
				D6691BDA1FF770CE008FD06A /* Masonry */,
				D6691BF41FF770CE008FD06A /* README.md */,
			);
			path = Masonry;
			sourceTree = "<group>";
		};
		D6691BDA1FF770CE008FD06A /* Masonry */ = {
			isa = PBXGroup;
			children = (
				D6691BDB1FF770CE008FD06A /* MASCompositeConstraint.h */,
				D6691BDC1FF770CE008FD06A /* MASCompositeConstraint.m */,
				D6691BDD1FF770CE008FD06A /* MASConstraint+Private.h */,
				D6691BDE1FF770CE008FD06A /* MASConstraint.h */,
				D6691BDF1FF770CE008FD06A /* MASConstraint.m */,
				D6691BE01FF770CE008FD06A /* MASConstraintMaker.h */,
				D6691BE11FF770CE008FD06A /* MASConstraintMaker.m */,
				D6691BE21FF770CE008FD06A /* MASLayoutConstraint.h */,
				D6691BE31FF770CE008FD06A /* MASLayoutConstraint.m */,
				D6691BE41FF770CE008FD06A /* Masonry.h */,
				D6691BE51FF770CE008FD06A /* MASUtilities.h */,
				D6691BE61FF770CE008FD06A /* MASViewAttribute.h */,
				D6691BE71FF770CE008FD06A /* MASViewAttribute.m */,
				D6691BE81FF770CE008FD06A /* MASViewConstraint.h */,
				D6691BE91FF770CE008FD06A /* MASViewConstraint.m */,
				D6691BEA1FF770CE008FD06A /* NSArray+MASAdditions.h */,
				D6691BEB1FF770CE008FD06A /* NSArray+MASAdditions.m */,
				D6691BEC1FF770CE008FD06A /* NSArray+MASShorthandAdditions.h */,
				D6691BED1FF770CE008FD06A /* NSLayoutConstraint+MASDebugAdditions.h */,
				D6691BEE1FF770CE008FD06A /* NSLayoutConstraint+MASDebugAdditions.m */,
				D6691BEF1FF770CE008FD06A /* View+MASAdditions.h */,
				D6691BF01FF770CE008FD06A /* View+MASAdditions.m */,
				D6691BF11FF770CE008FD06A /* View+MASShorthandAdditions.h */,
				D6691BF21FF770CE008FD06A /* ViewController+MASAdditions.h */,
				D6691BF31FF770CE008FD06A /* ViewController+MASAdditions.m */,
			);
			path = Masonry;
			sourceTree = "<group>";
		};
		D6691C011FF79714008FD06A /* FXMCategory */ = {
			isa = PBXGroup;
			children = (
				D6691C021FF79714008FD06A /* FXMCategory */,
				D6691C4F1FF79714008FD06A /* NSArray+Category */,
				D6691C521FF79714008FD06A /* NSString+Category */,
				D6691C591FF79714008FD06A /* UIButton+Category */,
				D6691C5C1FF79714008FD06A /* UIView+Category */,
			);
			name = FXMCategory;
			sourceTree = "<group>";
		};
		D6691C021FF79714008FD06A /* FXMCategory */ = {
			isa = PBXGroup;
			children = (
				D6691C031FF79714008FD06A /* FXMCategory */,
			);
			path = FXMCategory;
			sourceTree = "<group>";
		};
		D6691C031FF79714008FD06A /* FXMCategory */ = {
			isa = PBXGroup;
			children = (
				D6691C041FF79714008FD06A /* FXMCategory */,
			);
			path = FXMCategory;
			sourceTree = "<group>";
		};
		D6691C041FF79714008FD06A /* FXMCategory */ = {
			isa = PBXGroup;
			children = (
				D6691C051FF79714008FD06A /* FXMCategory */,
			);
			path = FXMCategory;
			sourceTree = "<group>";
		};
		D6691C051FF79714008FD06A /* FXMCategory */ = {
			isa = PBXGroup;
			children = (
				D6691C061FF79714008FD06A /* FXMCategory */,
			);
			path = FXMCategory;
			sourceTree = "<group>";
		};
		D6691C061FF79714008FD06A /* FXMCategory */ = {
			isa = PBXGroup;
			children = (
				D6691C071FF79714008FD06A /* FXMCategory */,
			);
			path = FXMCategory;
			sourceTree = "<group>";
		};
		D6691C071FF79714008FD06A /* FXMCategory */ = {
			isa = PBXGroup;
			children = (
				D6691C081FF79714008FD06A /* FXMCategory */,
			);
			path = FXMCategory;
			sourceTree = "<group>";
		};
		D6691C081FF79714008FD06A /* FXMCategory */ = {
			isa = PBXGroup;
			children = (
				D6691C091FF79714008FD06A /* FXMCategory */,
			);
			path = FXMCategory;
			sourceTree = "<group>";
		};
		D6691C091FF79714008FD06A /* FXMCategory */ = {
			isa = PBXGroup;
			children = (
				D6691C0A1FF79714008FD06A /* FXMCategory */,
			);
			path = FXMCategory;
			sourceTree = "<group>";
		};
		D6691C0A1FF79714008FD06A /* FXMCategory */ = {
			isa = PBXGroup;
			children = (
				D6691C0B1FF79714008FD06A /* FXMCategory */,
			);
			path = FXMCategory;
			sourceTree = "<group>";
		};
		D6691C0B1FF79714008FD06A /* FXMCategory */ = {
			isa = PBXGroup;
			children = (
				D6691C0C1FF79714008FD06A /* FXMCategory */,
			);
			path = FXMCategory;
			sourceTree = "<group>";
		};
		D6691C0C1FF79714008FD06A /* FXMCategory */ = {
			isa = PBXGroup;
			children = (
				D6691C0D1FF79714008FD06A /* FXMCategory */,
			);
			path = FXMCategory;
			sourceTree = "<group>";
		};
		D6691C0D1FF79714008FD06A /* FXMCategory */ = {
			isa = PBXGroup;
			children = (
				D6691C0E1FF79714008FD06A /* FXMCategory */,
			);
			path = FXMCategory;
			sourceTree = "<group>";
		};
		D6691C0E1FF79714008FD06A /* FXMCategory */ = {
			isa = PBXGroup;
			children = (
				D6691C0F1FF79714008FD06A /* FXMCategory */,
			);
			path = FXMCategory;
			sourceTree = "<group>";
		};
		D6691C0F1FF79714008FD06A /* FXMCategory */ = {
			isa = PBXGroup;
			children = (
				D6691C101FF79714008FD06A /* FXMCategory */,
			);
			path = FXMCategory;
			sourceTree = "<group>";
		};
		D6691C101FF79714008FD06A /* FXMCategory */ = {
			isa = PBXGroup;
			children = (
				D6691C111FF79714008FD06A /* FXMCategory */,
			);
			path = FXMCategory;
			sourceTree = "<group>";
		};
		D6691C111FF79714008FD06A /* FXMCategory */ = {
			isa = PBXGroup;
			children = (
				D6691C121FF79714008FD06A /* FXMCategory */,
			);
			path = FXMCategory;
			sourceTree = "<group>";
		};
		D6691C121FF79714008FD06A /* FXMCategory */ = {
			isa = PBXGroup;
			children = (
				D6691C131FF79714008FD06A /* FXMCategory */,
			);
			path = FXMCategory;
			sourceTree = "<group>";
		};
		D6691C131FF79714008FD06A /* FXMCategory */ = {
			isa = PBXGroup;
			children = (
				D6691C141FF79714008FD06A /* FXMCategory */,
			);
			path = FXMCategory;
			sourceTree = "<group>";
		};
		D6691C141FF79714008FD06A /* FXMCategory */ = {
			isa = PBXGroup;
			children = (
				D6691C151FF79714008FD06A /* FXMCategory */,
			);
			path = FXMCategory;
			sourceTree = "<group>";
		};
		D6691C151FF79714008FD06A /* FXMCategory */ = {
			isa = PBXGroup;
			children = (
				D6691C161FF79714008FD06A /* FXMCategory */,
			);
			path = FXMCategory;
			sourceTree = "<group>";
		};
		D6691C161FF79714008FD06A /* FXMCategory */ = {
			isa = PBXGroup;
			children = (
				D6691C171FF79714008FD06A /* FXMCategory */,
			);
			path = FXMCategory;
			sourceTree = "<group>";
		};
		D6691C171FF79714008FD06A /* FXMCategory */ = {
			isa = PBXGroup;
			children = (
				D6691C181FF79714008FD06A /* FXMCategory */,
			);
			path = FXMCategory;
			sourceTree = "<group>";
		};
		D6691C181FF79714008FD06A /* FXMCategory */ = {
			isa = PBXGroup;
			children = (
				D6691C191FF79714008FD06A /* FXMCategory */,
			);
			path = FXMCategory;
			sourceTree = "<group>";
		};
		D6691C191FF79714008FD06A /* FXMCategory */ = {
			isa = PBXGroup;
			children = (
				D6691C1A1FF79714008FD06A /* FXMCategory */,
			);
			path = FXMCategory;
			sourceTree = "<group>";
		};
		D6691C1A1FF79714008FD06A /* FXMCategory */ = {
			isa = PBXGroup;
			children = (
				D6691C1B1FF79714008FD06A /* FXMCategory */,
			);
			path = FXMCategory;
			sourceTree = "<group>";
		};
		D6691C1B1FF79714008FD06A /* FXMCategory */ = {
			isa = PBXGroup;
			children = (
				D6691C1C1FF79714008FD06A /* FXMCategory */,
			);
			path = FXMCategory;
			sourceTree = "<group>";
		};
		D6691C1C1FF79714008FD06A /* FXMCategory */ = {
			isa = PBXGroup;
			children = (
				D6691C1D1FF79714008FD06A /* FXMCategory */,
			);
			path = FXMCategory;
			sourceTree = "<group>";
		};
		D6691C1D1FF79714008FD06A /* FXMCategory */ = {
			isa = PBXGroup;
			children = (
				D6691C1E1FF79714008FD06A /* FXMCategory */,
			);
			path = FXMCategory;
			sourceTree = "<group>";
		};
		D6691C1E1FF79714008FD06A /* FXMCategory */ = {
			isa = PBXGroup;
			children = (
				D6691C1F1FF79714008FD06A /* FXMCategory */,
			);
			path = FXMCategory;
			sourceTree = "<group>";
		};
		D6691C1F1FF79714008FD06A /* FXMCategory */ = {
			isa = PBXGroup;
			children = (
				D6691C201FF79714008FD06A /* FXMCategory */,
			);
			path = FXMCategory;
			sourceTree = "<group>";
		};
		D6691C201FF79714008FD06A /* FXMCategory */ = {
			isa = PBXGroup;
			children = (
				D6691C211FF79714008FD06A /* FXMCategory */,
			);
			path = FXMCategory;
			sourceTree = "<group>";
		};
		D6691C211FF79714008FD06A /* FXMCategory */ = {
			isa = PBXGroup;
			children = (
				D6691C221FF79714008FD06A /* FXMCategory */,
			);
			path = FXMCategory;
			sourceTree = "<group>";
		};
		D6691C221FF79714008FD06A /* FXMCategory */ = {
			isa = PBXGroup;
			children = (
				D6691C231FF79714008FD06A /* FXMCategory */,
			);
			path = FXMCategory;
			sourceTree = "<group>";
		};
		D6691C231FF79714008FD06A /* FXMCategory */ = {
			isa = PBXGroup;
			children = (
				D6691C241FF79714008FD06A /* FXMCategory */,
			);
			path = FXMCategory;
			sourceTree = "<group>";
		};
		D6691C241FF79714008FD06A /* FXMCategory */ = {
			isa = PBXGroup;
			children = (
				D6691C251FF79714008FD06A /* FXMCategory */,
			);
			path = FXMCategory;
			sourceTree = "<group>";
		};
		D6691C251FF79714008FD06A /* FXMCategory */ = {
			isa = PBXGroup;
			children = (
				D6691C261FF79714008FD06A /* FXMCategory */,
			);
			path = FXMCategory;
			sourceTree = "<group>";
		};
		D6691C261FF79714008FD06A /* FXMCategory */ = {
			isa = PBXGroup;
			children = (
				D6691C271FF79714008FD06A /* FXMCategory */,
			);
			path = FXMCategory;
			sourceTree = "<group>";
		};
		D6691C271FF79714008FD06A /* FXMCategory */ = {
			isa = PBXGroup;
			children = (
				D6691C281FF79714008FD06A /* FXMCategory */,
			);
			path = FXMCategory;
			sourceTree = "<group>";
		};
		D6691C281FF79714008FD06A /* FXMCategory */ = {
			isa = PBXGroup;
			children = (
				D6691C291FF79714008FD06A /* FXMCategory */,
			);
			path = FXMCategory;
			sourceTree = "<group>";
		};
		D6691C291FF79714008FD06A /* FXMCategory */ = {
			isa = PBXGroup;
			children = (
				D6691C2A1FF79714008FD06A /* FXMCategory */,
			);
			path = FXMCategory;
			sourceTree = "<group>";
		};
		D6691C2A1FF79714008FD06A /* FXMCategory */ = {
			isa = PBXGroup;
			children = (
				D6691C2B1FF79714008FD06A /* FXMCategory */,
			);
			path = FXMCategory;
			sourceTree = "<group>";
		};
		D6691C2B1FF79714008FD06A /* FXMCategory */ = {
			isa = PBXGroup;
			children = (
				D6691C2C1FF79714008FD06A /* FXMCategory */,
			);
			path = FXMCategory;
			sourceTree = "<group>";
		};
		D6691C2C1FF79714008FD06A /* FXMCategory */ = {
			isa = PBXGroup;
			children = (
				D6691C2D1FF79714008FD06A /* FXMCategory */,
			);
			path = FXMCategory;
			sourceTree = "<group>";
		};
		D6691C2D1FF79714008FD06A /* FXMCategory */ = {
			isa = PBXGroup;
			children = (
				D6691C2E1FF79714008FD06A /* FXMCategory */,
			);
			path = FXMCategory;
			sourceTree = "<group>";
		};
		D6691C2E1FF79714008FD06A /* FXMCategory */ = {
			isa = PBXGroup;
			children = (
				D6691C2F1FF79714008FD06A /* FXMCategory */,
			);
			path = FXMCategory;
			sourceTree = "<group>";
		};
		D6691C2F1FF79714008FD06A /* FXMCategory */ = {
			isa = PBXGroup;
			children = (
				D6691C301FF79714008FD06A /* FXMCategory */,
			);
			path = FXMCategory;
			sourceTree = "<group>";
		};
		D6691C301FF79714008FD06A /* FXMCategory */ = {
			isa = PBXGroup;
			children = (
				D6691C311FF79714008FD06A /* FXMCategory */,
			);
			path = FXMCategory;
			sourceTree = "<group>";
		};
		D6691C311FF79714008FD06A /* FXMCategory */ = {
			isa = PBXGroup;
			children = (
				D6691C321FF79714008FD06A /* FXMCategory */,
			);
			path = FXMCategory;
			sourceTree = "<group>";
		};
		D6691C321FF79714008FD06A /* FXMCategory */ = {
			isa = PBXGroup;
			children = (
				D6691C331FF79714008FD06A /* FXMCategory */,
			);
			path = FXMCategory;
			sourceTree = "<group>";
		};
		D6691C331FF79714008FD06A /* FXMCategory */ = {
			isa = PBXGroup;
			children = (
				D6691C341FF79714008FD06A /* FXMCategory */,
			);
			path = FXMCategory;
			sourceTree = "<group>";
		};
		D6691C341FF79714008FD06A /* FXMCategory */ = {
			isa = PBXGroup;
			children = (
				D6691C351FF79714008FD06A /* FXMCategory */,
			);
			path = FXMCategory;
			sourceTree = "<group>";
		};
		D6691C351FF79714008FD06A /* FXMCategory */ = {
			isa = PBXGroup;
			children = (
				D6691C361FF79714008FD06A /* FXMCategory */,
			);
			path = FXMCategory;
			sourceTree = "<group>";
		};
		D6691C361FF79714008FD06A /* FXMCategory */ = {
			isa = PBXGroup;
			children = (
				D6691C371FF79714008FD06A /* FXMCategory */,
			);
			path = FXMCategory;
			sourceTree = "<group>";
		};
		D6691C371FF79714008FD06A /* FXMCategory */ = {
			isa = PBXGroup;
			children = (
				D6691C381FF79714008FD06A /* FXMCategory */,
			);
			path = FXMCategory;
			sourceTree = "<group>";
		};
		D6691C381FF79714008FD06A /* FXMCategory */ = {
			isa = PBXGroup;
			children = (
				D6691C391FF79714008FD06A /* FXMCategory */,
			);
			path = FXMCategory;
			sourceTree = "<group>";
		};
		D6691C391FF79714008FD06A /* FXMCategory */ = {
			isa = PBXGroup;
			children = (
				D6691C3A1FF79714008FD06A /* FXMCategory */,
			);
			path = FXMCategory;
			sourceTree = "<group>";
		};
		D6691C3A1FF79714008FD06A /* FXMCategory */ = {
			isa = PBXGroup;
			children = (
				D6691C3B1FF79714008FD06A /* FXMCategory */,
			);
			path = FXMCategory;
			sourceTree = "<group>";
		};
		D6691C3B1FF79714008FD06A /* FXMCategory */ = {
			isa = PBXGroup;
			children = (
				D6691C3C1FF79714008FD06A /* FXMCategory */,
			);
			path = FXMCategory;
			sourceTree = "<group>";
		};
		D6691C3C1FF79714008FD06A /* FXMCategory */ = {
			isa = PBXGroup;
			children = (
				D6691C3D1FF79714008FD06A /* FXMCategory */,
			);
			path = FXMCategory;
			sourceTree = "<group>";
		};
		D6691C3D1FF79714008FD06A /* FXMCategory */ = {
			isa = PBXGroup;
			children = (
				D6691C3E1FF79714008FD06A /* FXMCategory */,
			);
			path = FXMCategory;
			sourceTree = "<group>";
		};
		D6691C3E1FF79714008FD06A /* FXMCategory */ = {
			isa = PBXGroup;
			children = (
				D6691C3F1FF79714008FD06A /* FXMCategory */,
			);
			path = FXMCategory;
			sourceTree = "<group>";
		};
		D6691C3F1FF79714008FD06A /* FXMCategory */ = {
			isa = PBXGroup;
			children = (
				D6691C401FF79714008FD06A /* FXMCategory */,
			);
			path = FXMCategory;
			sourceTree = "<group>";
		};
		D6691C401FF79714008FD06A /* FXMCategory */ = {
			isa = PBXGroup;
			children = (
				D6691C411FF79714008FD06A /* FXMCategory */,
			);
			path = FXMCategory;
			sourceTree = "<group>";
		};
		D6691C411FF79714008FD06A /* FXMCategory */ = {
			isa = PBXGroup;
			children = (
				D6691C421FF79714008FD06A /* FXMCategory */,
			);
			path = FXMCategory;
			sourceTree = "<group>";
		};
		D6691C421FF79714008FD06A /* FXMCategory */ = {
			isa = PBXGroup;
			children = (
				D6691C431FF79714008FD06A /* FXMCategory */,
			);
			path = FXMCategory;
			sourceTree = "<group>";
		};
		D6691C431FF79714008FD06A /* FXMCategory */ = {
			isa = PBXGroup;
			children = (
				D6691C441FF79714008FD06A /* FXMCategory */,
			);
			path = FXMCategory;
			sourceTree = "<group>";
		};
		D6691C441FF79714008FD06A /* FXMCategory */ = {
			isa = PBXGroup;
			children = (
				D6691C451FF79714008FD06A /* FXMCategory */,
			);
			path = FXMCategory;
			sourceTree = "<group>";
		};
		D6691C451FF79714008FD06A /* FXMCategory */ = {
			isa = PBXGroup;
			children = (
				D6691C461FF79714008FD06A /* FXMCategory */,
			);
			path = FXMCategory;
			sourceTree = "<group>";
		};
		D6691C461FF79714008FD06A /* FXMCategory */ = {
			isa = PBXGroup;
			children = (
				D6691C471FF79714008FD06A /* FXMCategory */,
			);
			path = FXMCategory;
			sourceTree = "<group>";
		};
		D6691C471FF79714008FD06A /* FXMCategory */ = {
			isa = PBXGroup;
			children = (
				D6691C481FF79714008FD06A /* FXMCategory */,
			);
			path = FXMCategory;
			sourceTree = "<group>";
		};
		D6691C481FF79714008FD06A /* FXMCategory */ = {
			isa = PBXGroup;
			children = (
				D6691C491FF79714008FD06A /* FXMCategory */,
			);
			path = FXMCategory;
			sourceTree = "<group>";
		};
		D6691C491FF79714008FD06A /* FXMCategory */ = {
			isa = PBXGroup;
			children = (
				D6691C4A1FF79714008FD06A /* FXMCategory */,
			);
			path = FXMCategory;
			sourceTree = "<group>";
		};
		D6691C4A1FF79714008FD06A /* FXMCategory */ = {
			isa = PBXGroup;
			children = (
				D6691C4B1FF79714008FD06A /* FXMCategory */,
			);
			path = FXMCategory;
			sourceTree = "<group>";
		};
		D6691C4B1FF79714008FD06A /* FXMCategory */ = {
			isa = PBXGroup;
			children = (
				D6691C4C1FF79714008FD06A /* FXMCategory */,
			);
			path = FXMCategory;
			sourceTree = "<group>";
		};
		D6691C4C1FF79714008FD06A /* FXMCategory */ = {
			isa = PBXGroup;
			children = (
				D6691C4D1FF79714008FD06A /* FXMCategory */,
			);
			path = FXMCategory;
			sourceTree = "<group>";
		};
		D6691C4D1FF79714008FD06A /* FXMCategory */ = {
			isa = PBXGroup;
			children = (
				D6691C4E1FF79714008FD06A /* FXMCatego */,
			);
			path = FXMCategory;
			sourceTree = "<group>";
		};
		D6691C4E1FF79714008FD06A /* FXMCatego */ = {
			isa = PBXGroup;
			children = (
			);
			path = FXMCatego;
			sourceTree = "<group>";
		};
		D6691C4F1FF79714008FD06A /* NSArray+Category */ = {
			isa = PBXGroup;
			children = (
				D6691C501FF79714008FD06A /* NSArray+Bounds.h */,
				D6691C511FF79714008FD06A /* NSArray+Bounds.m */,
			);
			path = "NSArray+Category";
			sourceTree = "<group>";
		};
		D6691C521FF79714008FD06A /* NSString+Category */ = {
			isa = PBXGroup;
			children = (
				D6691C531FF79714008FD06A /* NSString+Random.h */,
				D6691C541FF79714008FD06A /* NSString+Random.m */,
				D6691C551FF79714008FD06A /* NSString+Size.h */,
				D6691C561FF79714008FD06A /* NSString+Size.m */,
				D6691C571FF79714008FD06A /* NSString+Util.h */,
				D6691C581FF79714008FD06A /* NSString+Util.m */,
			);
			path = "NSString+Category";
			sourceTree = "<group>";
		};
		D6691C591FF79714008FD06A /* UIButton+Category */ = {
			isa = PBXGroup;
			children = (
				D6691C5A1FF79714008FD06A /* UIButton+BackGroundColor.h */,
				D6691C5B1FF79714008FD06A /* UIButton+BackGroundColor.m */,
			);
			path = "UIButton+Category";
			sourceTree = "<group>";
		};
		D6691C5C1FF79714008FD06A /* UIView+Category */ = {
			isa = PBXGroup;
			children = (
				D6691C5D1FF79714008FD06A /* UIView+Extension.h */,
				D6691C5E1FF79714008FD06A /* UIView+Extension.m */,
			);
			path = "UIView+Category";
			sourceTree = "<group>";
		};
/* End PBXGroup section */

/* Begin PBXNativeTarget section */
		D6691B621FF768F3008FD06A /* GHDropMenu */ = {
			isa = PBXNativeTarget;
			buildConfigurationList = D6691B8F1FF768F3008FD06A /* Build configuration list for PBXNativeTarget "GHDropMenu" */;
			buildPhases = (
				D6691B5F1FF768F3008FD06A /* Sources */,
				D6691B601FF768F3008FD06A /* Frameworks */,
				D6691B611FF768F3008FD06A /* Resources */,
			);
			buildRules = (
			);
			dependencies = (
			);
			name = GHDropMenu;
			productName = GHDropMenu;
			productReference = D6691B631FF768F3008FD06A /* GHDropMenu.app */;
			productType = "com.apple.product-type.application";
		};
		D6691B7A1FF768F3008FD06A /* GHDropMenuTests */ = {
			isa = PBXNativeTarget;
			buildConfigurationList = D6691B921FF768F3008FD06A /* Build configuration list for PBXNativeTarget "GHDropMenuTests" */;
			buildPhases = (
				D6691B771FF768F3008FD06A /* Sources */,
				D6691B781FF768F3008FD06A /* Frameworks */,
				D6691B791FF768F3008FD06A /* Resources */,
			);
			buildRules = (
			);
			dependencies = (
				D6691B7D1FF768F3008FD06A /* PBXTargetDependency */,
			);
			name = GHDropMenuTests;
			productName = GHDropMenuTests;
			productReference = D6691B7B1FF768F3008FD06A /* GHDropMenuTests.xctest */;
			productType = "com.apple.product-type.bundle.unit-test";
		};
		D6691B851FF768F3008FD06A /* GHDropMenuUITests */ = {
			isa = PBXNativeTarget;
			buildConfigurationList = D6691B951FF768F3008FD06A /* Build configuration list for PBXNativeTarget "GHDropMenuUITests" */;
			buildPhases = (
				D6691B821FF768F3008FD06A /* Sources */,
				D6691B831FF768F3008FD06A /* Frameworks */,
				D6691B841FF768F3008FD06A /* Resources */,
			);
			buildRules = (
			);
			dependencies = (
				D6691B881FF768F3008FD06A /* PBXTargetDependency */,
			);
			name = GHDropMenuUITests;
			productName = GHDropMenuUITests;
			productReference = D6691B861FF768F3008FD06A /* GHDropMenuUITests.xctest */;
			productType = "com.apple.product-type.bundle.ui-testing";
		};
/* End PBXNativeTarget section */

/* Begin PBXProject section */
		D6691B5B1FF768F3008FD06A /* Project object */ = {
			isa = PBXProject;
			attributes = {
				CLASSPREFIX = GH;
				LastUpgradeCheck = 0920;
				ORGANIZATIONNAME = GHome;
				TargetAttributes = {
					D6691B621FF768F3008FD06A = {
						CreatedOnToolsVersion = 9.2;
						ProvisioningStyle = Automatic;
					};
					D6691B7A1FF768F3008FD06A = {
						CreatedOnToolsVersion = 9.2;
						ProvisioningStyle = Automatic;
						TestTargetID = D6691B621FF768F3008FD06A;
					};
					D6691B851FF768F3008FD06A = {
						CreatedOnToolsVersion = 9.2;
						ProvisioningStyle = Automatic;
						TestTargetID = D6691B621FF768F3008FD06A;
					};
				};
			};
			buildConfigurationList = D6691B5E1FF768F3008FD06A /* Build configuration list for PBXProject "GHDropMenu" */;
			compatibilityVersion = "Xcode 8.0";
			developmentRegion = en;
			hasScannedForEncodings = 0;
			knownRegions = (
				en,
				Base,
			);
			mainGroup = D6691B5A1FF768F3008FD06A;
			productRefGroup = D6691B641FF768F3008FD06A /* Products */;
			projectDirPath = "";
			projectRoot = "";
			targets = (
				D6691B621FF768F3008FD06A /* GHDropMenu */,
				D6691B7A1FF768F3008FD06A /* GHDropMenuTests */,
				D6691B851FF768F3008FD06A /* GHDropMenuUITests */,
			);
		};
/* End PBXProject section */

/* Begin PBXResourcesBuildPhase section */
		D6691B611FF768F3008FD06A /* Resources */ = {
			isa = PBXResourcesBuildPhase;
			buildActionMask = 2147483647;
			files = (
				D6691B731FF768F3008FD06A /* LaunchScreen.storyboard in Resources */,
				D6691B701FF768F3008FD06A /* Assets.xcassets in Resources */,
				D6691C001FF770CF008FD06A /* README.md in Resources */,
				D6691BF51FF770CF008FD06A /* LICENSE in Resources */,
				D6691B6E1FF768F3008FD06A /* Main.storyboard in Resources */,
			);
			runOnlyForDeploymentPostprocessing = 0;
		};
		D6691B791FF768F3008FD06A /* Resources */ = {
			isa = PBXResourcesBuildPhase;
			buildActionMask = 2147483647;
			files = (
			);
			runOnlyForDeploymentPostprocessing = 0;
		};
		D6691B841FF768F3008FD06A /* Resources */ = {
			isa = PBXResourcesBuildPhase;
			buildActionMask = 2147483647;
			files = (
			);
			runOnlyForDeploymentPostprocessing = 0;
		};
/* End PBXResourcesBuildPhase section */

/* Begin PBXSourcesBuildPhase section */
		D6691B5F1FF768F3008FD06A /* Sources */ = {
			isa = PBXSourcesBuildPhase;
			buildActionMask = 2147483647;
			files = (
				D6691B6B1FF768F3008FD06A /* ViewController.m in Sources */,
				D6691BFC1FF770CF008FD06A /* NSArray+MASAdditions.m in Sources */,
				D6691BCC1FF76BBF008FD06A /* NSString+Random.m in Sources */,
				D6691BF61FF770CF008FD06A /* MASCompositeConstraint.m in Sources */,
				D6691CBB1FF7975C008FD06A /* FXMCommonDropMenuSectionFooterView.m in Sources */,
				D6691BFA1FF770CF008FD06A /* MASViewAttribute.m in Sources */,
				D6691BF71FF770CF008FD06A /* MASConstraint.m in Sources */,
				D6691CC11FF7975C008FD06A /* FXMCommonDropDownMenuItem.m in Sources */,
				D6691C611FF79714008FD06A /* NSString+Size.m in Sources */,
				D6691BCD1FF76BBF008FD06A /* NSString+Size.m in Sources */,
				D6691C641FF79714008FD06A /* UIView+Extension.m in Sources */,
				D6691BD01FF76BBF008FD06A /* UIView+Extension.m in Sources */,
				D6691BA11FF76B4E008FD06A /* FXMDropMenuMData.m in Sources */,
				D6691CBC1FF7975C008FD06A /* FXMCommonDropMenu.m in Sources */,
				D6691BFD1FF770CF008FD06A /* NSLayoutConstraint+MASDebugAdditions.m in Sources */,
				D6691C601FF79714008FD06A /* NSString+Random.m in Sources */,
				D6691CBE1FF7975C008FD06A /* FXMCommonDropMenuFooter.m in Sources */,
				D6691BF81FF770CF008FD06A /* MASConstraintMaker.m in Sources */,
				D6691CBD1FF7975C008FD06A /* FXMCommonDropMenuCell.m in Sources */,
				D6691CC01FF7975C008FD06A /* GHDropMenuModel.m in Sources */,
				D6691BD71FF76EF2008FD06A /* FXMButton.m in Sources */,
				D6691C5F1FF79714008FD06A /* NSArray+Bounds.m in Sources */,
				D6691BF91FF770CF008FD06A /* MASLayoutConstraint.m in Sources */,
				D6691CBF1FF7975C008FD06A /* FXMCommonDropMeunHeader.m in Sources */,
				D6691BCE1FF76BBF008FD06A /* NSString+Util.m in Sources */,
				D6691BFB1FF770CF008FD06A /* MASViewConstraint.m in Sources */,
				D6691B761FF768F3008FD06A /* main.m in Sources */,
				D6691BCF1FF76BBF008FD06A /* UIButton+BackGroundColor.m in Sources */,
				D6691BFE1FF770CF008FD06A /* View+MASAdditions.m in Sources */,
				D6691C621FF79714008FD06A /* NSString+Util.m in Sources */,
				D6691BB91FF76B88008FD06A /* FXMBaseMData.m in Sources */,
				D6691B681FF768F3008FD06A /* AppDelegate.m in Sources */,
				D6691BCB1FF76BBF008FD06A /* NSArray+Bounds.m in Sources */,
				D6691C631FF79714008FD06A /* UIButton+BackGroundColor.m in Sources */,
				D6691BFF1FF770CF008FD06A /* ViewController+MASAdditions.m in Sources */,
				D6691BD41FF76D17008FD06A /* FXMAdjustmentButton.m in Sources */,
			);
			runOnlyForDeploymentPostprocessing = 0;
		};
		D6691B771FF768F3008FD06A /* Sources */ = {
			isa = PBXSourcesBuildPhase;
			buildActionMask = 2147483647;
			files = (
				D6691B801FF768F3008FD06A /* GHDropMenuTests.m in Sources */,
			);
			runOnlyForDeploymentPostprocessing = 0;
		};
		D6691B821FF768F3008FD06A /* Sources */ = {
			isa = PBXSourcesBuildPhase;
			buildActionMask = 2147483647;
			files = (
				D6691B8B1FF768F3008FD06A /* GHDropMenuUITests.m in Sources */,
			);
			runOnlyForDeploymentPostprocessing = 0;
		};
/* End PBXSourcesBuildPhase section */

/* Begin PBXTargetDependency section */
		D6691B7D1FF768F3008FD06A /* PBXTargetDependency */ = {
			isa = PBXTargetDependency;
			target = D6691B621FF768F3008FD06A /* GHDropMenu */;
			targetProxy = D6691B7C1FF768F3008FD06A /* PBXContainerItemProxy */;
		};
		D6691B881FF768F3008FD06A /* PBXTargetDependency */ = {
			isa = PBXTargetDependency;
			target = D6691B621FF768F3008FD06A /* GHDropMenu */;
			targetProxy = D6691B871FF768F3008FD06A /* PBXContainerItemProxy */;
		};
/* End PBXTargetDependency section */

/* Begin PBXVariantGroup section */
		D6691B6C1FF768F3008FD06A /* Main.storyboard */ = {
			isa = PBXVariantGroup;
			children = (
				D6691B6D1FF768F3008FD06A /* Base */,
			);
			name = Main.storyboard;
			sourceTree = "<group>";
		};
		D6691B711FF768F3008FD06A /* LaunchScreen.storyboard */ = {
			isa = PBXVariantGroup;
			children = (
				D6691B721FF768F3008FD06A /* Base */,
			);
			name = LaunchScreen.storyboard;
			sourceTree = "<group>";
		};
/* End PBXVariantGroup section */

/* Begin XCBuildConfiguration section */
		D6691B8D1FF768F3008FD06A /* Debug */ = {
			isa = XCBuildConfiguration;
			buildSettings = {
				ALWAYS_SEARCH_USER_PATHS = NO;
				CLANG_ANALYZER_NONNULL = YES;
				CLANG_ANALYZER_NUMBER_OBJECT_CONVERSION = YES_AGGRESSIVE;
				CLANG_CXX_LANGUAGE_STANDARD = "gnu++14";
				CLANG_CXX_LIBRARY = "libc++";
				CLANG_ENABLE_MODULES = YES;
				CLANG_ENABLE_OBJC_ARC = YES;
				CLANG_WARN_BLOCK_CAPTURE_AUTORELEASING = YES;
				CLANG_WARN_BOOL_CONVERSION = YES;
				CLANG_WARN_COMMA = YES;
				CLANG_WARN_CONSTANT_CONVERSION = YES;
				CLANG_WARN_DIRECT_OBJC_ISA_USAGE = YES_ERROR;
				CLANG_WARN_DOCUMENTATION_COMMENTS = YES;
				CLANG_WARN_EMPTY_BODY = YES;
				CLANG_WARN_ENUM_CONVERSION = YES;
				CLANG_WARN_INFINITE_RECURSION = YES;
				CLANG_WARN_INT_CONVERSION = YES;
				CLANG_WARN_NON_LITERAL_NULL_CONVERSION = YES;
				CLANG_WARN_OBJC_LITERAL_CONVERSION = YES;
				CLANG_WARN_OBJC_ROOT_CLASS = YES_ERROR;
				CLANG_WARN_RANGE_LOOP_ANALYSIS = YES;
				CLANG_WARN_STRICT_PROTOTYPES = YES;
				CLANG_WARN_SUSPICIOUS_MOVE = YES;
				CLANG_WARN_UNGUARDED_AVAILABILITY = YES_AGGRESSIVE;
				CLANG_WARN_UNREACHABLE_CODE = YES;
				CLANG_WARN__DUPLICATE_METHOD_MATCH = YES;
				CODE_SIGN_IDENTITY = "iPhone Developer";
				COPY_PHASE_STRIP = NO;
				DEBUG_INFORMATION_FORMAT = dwarf;
				ENABLE_STRICT_OBJC_MSGSEND = YES;
				ENABLE_TESTABILITY = YES;
				GCC_C_LANGUAGE_STANDARD = gnu11;
				GCC_DYNAMIC_NO_PIC = NO;
				GCC_NO_COMMON_BLOCKS = YES;
				GCC_OPTIMIZATION_LEVEL = 0;
				GCC_PREPROCESSOR_DEFINITIONS = (
					"DEBUG=1",
					"$(inherited)",
				);
				GCC_WARN_64_TO_32_BIT_CONVERSION = YES;
				GCC_WARN_ABOUT_RETURN_TYPE = YES_ERROR;
				GCC_WARN_UNDECLARED_SELECTOR = YES;
				GCC_WARN_UNINITIALIZED_AUTOS = YES_AGGRESSIVE;
				GCC_WARN_UNUSED_FUNCTION = YES;
				GCC_WARN_UNUSED_VARIABLE = YES;
				IPHONEOS_DEPLOYMENT_TARGET = 11.2;
				MTL_ENABLE_DEBUG_INFO = YES;
				ONLY_ACTIVE_ARCH = YES;
				SDKROOT = iphoneos;
			};
			name = Debug;
		};
		D6691B8E1FF768F3008FD06A /* Release */ = {
			isa = XCBuildConfiguration;
			buildSettings = {
				ALWAYS_SEARCH_USER_PATHS = NO;
				CLANG_ANALYZER_NONNULL = YES;
				CLANG_ANALYZER_NUMBER_OBJECT_CONVERSION = YES_AGGRESSIVE;
				CLANG_CXX_LANGUAGE_STANDARD = "gnu++14";
				CLANG_CXX_LIBRARY = "libc++";
				CLANG_ENABLE_MODULES = YES;
				CLANG_ENABLE_OBJC_ARC = YES;
				CLANG_WARN_BLOCK_CAPTURE_AUTORELEASING = YES;
				CLANG_WARN_BOOL_CONVERSION = YES;
				CLANG_WARN_COMMA = YES;
				CLANG_WARN_CONSTANT_CONVERSION = YES;
				CLANG_WARN_DIRECT_OBJC_ISA_USAGE = YES_ERROR;
				CLANG_WARN_DOCUMENTATION_COMMENTS = YES;
				CLANG_WARN_EMPTY_BODY = YES;
				CLANG_WARN_ENUM_CONVERSION = YES;
				CLANG_WARN_INFINITE_RECURSION = YES;
				CLANG_WARN_INT_CONVERSION = YES;
				CLANG_WARN_NON_LITERAL_NULL_CONVERSION = YES;
				CLANG_WARN_OBJC_LITERAL_CONVERSION = YES;
				CLANG_WARN_OBJC_ROOT_CLASS = YES_ERROR;
				CLANG_WARN_RANGE_LOOP_ANALYSIS = YES;
				CLANG_WARN_STRICT_PROTOTYPES = YES;
				CLANG_WARN_SUSPICIOUS_MOVE = YES;
				CLANG_WARN_UNGUARDED_AVAILABILITY = YES_AGGRESSIVE;
				CLANG_WARN_UNREACHABLE_CODE = YES;
				CLANG_WARN__DUPLICATE_METHOD_MATCH = YES;
				CODE_SIGN_IDENTITY = "iPhone Developer";
				COPY_PHASE_STRIP = NO;
				DEBUG_INFORMATION_FORMAT = "dwarf-with-dsym";
				ENABLE_NS_ASSERTIONS = NO;
				ENABLE_STRICT_OBJC_MSGSEND = YES;
				GCC_C_LANGUAGE_STANDARD = gnu11;
				GCC_NO_COMMON_BLOCKS = YES;
				GCC_WARN_64_TO_32_BIT_CONVERSION = YES;
				GCC_WARN_ABOUT_RETURN_TYPE = YES_ERROR;
				GCC_WARN_UNDECLARED_SELECTOR = YES;
				GCC_WARN_UNINITIALIZED_AUTOS = YES_AGGRESSIVE;
				GCC_WARN_UNUSED_FUNCTION = YES;
				GCC_WARN_UNUSED_VARIABLE = YES;
				IPHONEOS_DEPLOYMENT_TARGET = 11.2;
				MTL_ENABLE_DEBUG_INFO = NO;
				SDKROOT = iphoneos;
				VALIDATE_PRODUCT = YES;
			};
			name = Release;
		};
		D6691B901FF768F3008FD06A /* Debug */ = {
			isa = XCBuildConfiguration;
			buildSettings = {
				ASSETCATALOG_COMPILER_APPICON_NAME = AppIcon;
				CODE_SIGN_STYLE = Automatic;
				DEVELOPMENT_TEAM = B7JJNSRYE3;
				GCC_PREFIX_HEADER = GHDropMenu/PrefixHeader.pch;
				INFOPLIST_FILE = GHDropMenu/Info.plist;
				LD_RUNPATH_SEARCH_PATHS = "$(inherited) @executable_path/Frameworks";
				PRODUCT_BUNDLE_IDENTIFIER = GHome.GHDropMenu;
				PRODUCT_NAME = "$(TARGET_NAME)";
				TARGETED_DEVICE_FAMILY = "1,2";
			};
			name = Debug;
		};
		D6691B911FF768F3008FD06A /* Release */ = {
			isa = XCBuildConfiguration;
			buildSettings = {
				ASSETCATALOG_COMPILER_APPICON_NAME = AppIcon;
				CODE_SIGN_STYLE = Automatic;
				DEVELOPMENT_TEAM = B7JJNSRYE3;
				GCC_PREFIX_HEADER = GHDropMenu/PrefixHeader.pch;
				INFOPLIST_FILE = GHDropMenu/Info.plist;
				LD_RUNPATH_SEARCH_PATHS = "$(inherited) @executable_path/Frameworks";
				PRODUCT_BUNDLE_IDENTIFIER = GHome.GHDropMenu;
				PRODUCT_NAME = "$(TARGET_NAME)";
				TARGETED_DEVICE_FAMILY = "1,2";
			};
			name = Release;
		};
		D6691B931FF768F3008FD06A /* Debug */ = {
			isa = XCBuildConfiguration;
			buildSettings = {
				BUNDLE_LOADER = "$(TEST_HOST)";
				CODE_SIGN_STYLE = Automatic;
				DEVELOPMENT_TEAM = B7JJNSRYE3;
				INFOPLIST_FILE = GHDropMenuTests/Info.plist;
				LD_RUNPATH_SEARCH_PATHS = "$(inherited) @executable_path/Frameworks @loader_path/Frameworks";
				PRODUCT_BUNDLE_IDENTIFIER = GHome.GHDropMenuTests;
				PRODUCT_NAME = "$(TARGET_NAME)";
				TARGETED_DEVICE_FAMILY = "1,2";
				TEST_HOST = "$(BUILT_PRODUCTS_DIR)/GHDropMenu.app/GHDropMenu";
			};
			name = Debug;
		};
		D6691B941FF768F3008FD06A /* Release */ = {
			isa = XCBuildConfiguration;
			buildSettings = {
				BUNDLE_LOADER = "$(TEST_HOST)";
				CODE_SIGN_STYLE = Automatic;
				DEVELOPMENT_TEAM = B7JJNSRYE3;
				INFOPLIST_FILE = GHDropMenuTests/Info.plist;
				LD_RUNPATH_SEARCH_PATHS = "$(inherited) @executable_path/Frameworks @loader_path/Frameworks";
				PRODUCT_BUNDLE_IDENTIFIER = GHome.GHDropMenuTests;
				PRODUCT_NAME = "$(TARGET_NAME)";
				TARGETED_DEVICE_FAMILY = "1,2";
				TEST_HOST = "$(BUILT_PRODUCTS_DIR)/GHDropMenu.app/GHDropMenu";
			};
			name = Release;
		};
		D6691B961FF768F3008FD06A /* Debug */ = {
			isa = XCBuildConfiguration;
			buildSettings = {
				CODE_SIGN_STYLE = Automatic;
				DEVELOPMENT_TEAM = B7JJNSRYE3;
				INFOPLIST_FILE = GHDropMenuUITests/Info.plist;
				LD_RUNPATH_SEARCH_PATHS = "$(inherited) @executable_path/Frameworks @loader_path/Frameworks";
				PRODUCT_BUNDLE_IDENTIFIER = GHome.GHDropMenuUITests;
				PRODUCT_NAME = "$(TARGET_NAME)";
				TARGETED_DEVICE_FAMILY = "1,2";
				TEST_TARGET_NAME = GHDropMenu;
			};
			name = Debug;
		};
		D6691B971FF768F3008FD06A /* Release */ = {
			isa = XCBuildConfiguration;
			buildSettings = {
				CODE_SIGN_STYLE = Automatic;
				DEVELOPMENT_TEAM = B7JJNSRYE3;
				INFOPLIST_FILE = GHDropMenuUITests/Info.plist;
				LD_RUNPATH_SEARCH_PATHS = "$(inherited) @executable_path/Frameworks @loader_path/Frameworks";
				PRODUCT_BUNDLE_IDENTIFIER = GHome.GHDropMenuUITests;
				PRODUCT_NAME = "$(TARGET_NAME)";
				TARGETED_DEVICE_FAMILY = "1,2";
				TEST_TARGET_NAME = GHDropMenu;
			};
			name = Release;
		};
/* End XCBuildConfiguration section */

/* Begin XCConfigurationList section */
		D6691B5E1FF768F3008FD06A /* Build configuration list for PBXProject "GHDropMenu" */ = {
			isa = XCConfigurationList;
			buildConfigurations = (
				D6691B8D1FF768F3008FD06A /* Debug */,
				D6691B8E1FF768F3008FD06A /* Release */,
			);
			defaultConfigurationIsVisible = 0;
			defaultConfigurationName = Release;
		};
		D6691B8F1FF768F3008FD06A /* Build configuration list for PBXNativeTarget "GHDropMenu" */ = {
			isa = XCConfigurationList;
			buildConfigurations = (
				D6691B901FF768F3008FD06A /* Debug */,
				D6691B911FF768F3008FD06A /* Release */,
			);
			defaultConfigurationIsVisible = 0;
			defaultConfigurationName = Release;
		};
		D6691B921FF768F3008FD06A /* Build configuration list for PBXNativeTarget "GHDropMenuTests" */ = {
			isa = XCConfigurationList;
			buildConfigurations = (
				D6691B931FF768F3008FD06A /* Debug */,
				D6691B941FF768F3008FD06A /* Release */,
			);
			defaultConfigurationIsVisible = 0;
			defaultConfigurationName = Release;
		};
		D6691B951FF768F3008FD06A /* Build configuration list for PBXNativeTarget "GHDropMenuUITests" */ = {
			isa = XCConfigurationList;
			buildConfigurations = (
				D6691B961FF768F3008FD06A /* Debug */,
				D6691B971FF768F3008FD06A /* Release */,
			);
			defaultConfigurationIsVisible = 0;
			defaultConfigurationName = Release;
		};
/* End XCConfigurationList section */
	};
	rootObject = D6691B5B1FF768F3008FD06A /* Project object */;
}
